
Microsoft Visual Studio Solution File, Format Version 11.00
# Visual Studio 2010
Project("{FAE04EC0-301F-11D3-BF4B-00C04F79EFBC}") = "Assembly-CSharp", "Assembly-CSharp.csproj", "{65d9da8b-b360-1a6e-a771-640b97ad96e1}"
EndProject
Project("{FAE04EC0-301F-11D3-BF4B-00C04F79EFBC}") = "Unity.XR.Interaction.Toolkit.Samples.StarterAssets", "Unity.XR.Interaction.Toolkit.Samples.StarterAssets.csproj", "{2265f7d0-094d-023f-abe1-f7805f88e64d}"
EndProject
Project("{FAE04EC0-301F-11D3-BF4B-00C04F79EFBC}") = "app", "app.csproj", "{431af9b3-8ae9-c633-7084-6c76b8996e53}"
EndProject
Project("{FAE04EC0-301F-11D3-BF4B-00C04F79EFBC}") = "core", "core.csproj", "{6a94890a-251a-044b-29f2-16a31519a635}"
EndProject
Global
	GlobalSection(SolutionConfigurationPlatforms) = preSolution
		Debug|Any CPU = Debug|Any CPU
		Release|Any CPU = Release|Any CPU
	EndGlobalSection
	GlobalSection(ProjectConfigurationPlatforms) = postSolution
		{65d9da8b-b360-1a6e-a771-640b97ad96e1}.Debug|Any CPU.ActiveCfg = Debug|Any CPU
		{65d9da8b-b360-1a6e-a771-640b97ad96e1}.Debug|Any CPU.Build.0 = Debug|Any CPU
		{65d9da8b-b360-1a6e-a771-640b97ad96e1}.Release|Any CPU.ActiveCfg = Release|Any CPU
		{65d9da8b-b360-1a6e-a771-640b97ad96e1}.Release|Any CPU.Build.0 = Release|Any CPU
		{2265f7d0-094d-023f-abe1-f7805f88e64d}.Debug|Any CPU.ActiveCfg = Debug|Any CPU
		{2265f7d0-094d-023f-abe1-f7805f88e64d}.Debug|Any CPU.Build.0 = Debug|Any CPU
		{2265f7d0-094d-023f-abe1-f7805f88e64d}.Release|Any CPU.ActiveCfg = Release|Any CPU
		{2265f7d0-094d-023f-abe1-f7805f88e64d}.Release|Any CPU.Build.0 = Release|Any CPU
		{431af9b3-8ae9-c633-7084-6c76b8996e53}.Debug|Any CPU.ActiveCfg = Debug|Any CPU
		{431af9b3-8ae9-c633-7084-6c76b8996e53}.Debug|Any CPU.Build.0 = Debug|Any CPU
		{431af9b3-8ae9-c633-7084-6c76b8996e53}.Release|Any CPU.ActiveCfg = Release|Any CPU
		{431af9b3-8ae9-c633-7084-6c76b8996e53}.Release|Any CPU.Build.0 = Release|Any CPU
		{6a94890a-251a-044b-29f2-16a31519a635}.Debug|Any CPU.ActiveCfg = Debug|Any CPU
		{6a94890a-251a-044b-29f2-16a31519a635}.Debug|Any CPU.Build.0 = Debug|Any CPU
		{6a94890a-251a-044b-29f2-16a31519a635}.Release|Any CPU.ActiveCfg = Release|Any CPU
		{6a94890a-251a-044b-29f2-16a31519a635}.Release|Any CPU.Build.0 = Release|Any CPU
	EndGlobalSection
	GlobalSection(SolutionProperties) = preSolution
		HideSolutionNode = FALSE
	EndGlobalSection
EndGlobal
